
Microsoft Visual Studio Solution File, Format Version 12.00
# Visual Studio Version 16
VisualStudioVersion = 16.0.30413.136
MinimumVisualStudioVersion = 10.0.40219.1
Project("{FAE04EC0-301F-11D3-BF4B-00C04F79EFBC}") = "MusicWeb", "MusicWeb\MusicWeb.csproj", "{7AF638E0-21F3-4D4E-9CBF-61CEFF6D6472}"
EndProject
Project("{FAE04EC0-301F-11D3-BF4B-00C04F79EFBC}") = "Model", "Model\Model.csproj", "{8681C54D-CAB8-4072-A3D4-F48A720A5C1E}"
EndProject
Global
	GlobalSection(SolutionConfigurationPlatforms) = preSolution
		Debug|Any CPU = Debug|Any CPU
		Release|Any CPU = Release|Any CPU
	EndGlobalSection
	GlobalSection(ProjectConfigurationPlatforms) = postSolution
		{7AF638E0-21F3-4D4E-9CBF-61CEFF6D6472}.Debug|Any CPU.ActiveCfg = Debug|Any CPU
		{7AF638E0-21F3-4D4E-9CBF-61CEFF6D6472}.Debug|Any CPU.Build.0 = Debug|Any CPU
		{7AF638E0-21F3-4D4E-9CBF-61CEFF6D6472}.Release|Any CPU.ActiveCfg = Release|Any CPU
		{7AF638E0-21F3-4D4E-9CBF-61CEFF6D6472}.Release|Any CPU.Build.0 = Release|Any CPU
		{8681C54D-CAB8-4072-A3D4-F48A720A5C1E}.Debug|Any CPU.ActiveCfg = Debug|Any CPU
		{8681C54D-CAB8-4072-A3D4-F48A720A5C1E}.Debug|Any CPU.Build.0 = Debug|Any CPU
		{8681C54D-CAB8-4072-A3D4-F48A720A5C1E}.Release|Any CPU.ActiveCfg = Release|Any CPU
		{8681C54D-CAB8-4072-A3D4-F48A720A5C1E}.Release|Any CPU.Build.0 = Release|Any CPU
	EndGlobalSection
	GlobalSection(SolutionProperties) = preSolution
		HideSolutionNode = FALSE
	EndGlobalSection
	GlobalSection(ExtensibilityGlobals) = postSolution
		SolutionGuid = {569D2B09-6C0C-4E70-93A9-65A94B56C240}
	EndGlobalSection
EndGlobal
